
Microsoft Visual Studio Solution File, Format Version 12.00
# Visual Studio Version 16
VisualStudioVersion = 16.0.31702.278
MinimumVisualStudioVersion = 10.0.40219.1
Project("{FAE04EC0-301F-11D3-BF4B-00C04F79EFBC}") = "WindowsFormsApp1", "WindowsFormsApp1\WindowsFormsApp1.csproj", "{223D50EE-E395-46ED-B99B-1F2A57658AA9}"
EndProject
Global
	GlobalSection(SolutionConfigurationPlatforms) = preSolution
		Debug|Any CPU = Debug|Any CPU
		Release|Any CPU = Release|Any CPU
	EndGlobalSection
	GlobalSection(ProjectConfigurationPlatforms) = postSolution
		{223D50EE-E395-46ED-B99B-1F2A57658AA9}.Debug|Any CPU.ActiveCfg = Debug|Any CPU
		{223D50EE-E395-46ED-B99B-1F2A57658AA9}.Debug|Any CPU.Build.0 = Debug|Any CPU
		{223D50EE-E395-46ED-B99B-1F2A57658AA9}.Release|Any CPU.ActiveCfg = Release|Any CPU
		{223D50EE-E395-46ED-B99B-1F2A57658AA9}.Release|Any CPU.Build.0 = Release|Any CPU
	EndGlobalSection
	GlobalSection(SolutionProperties) = preSolution
		HideSolutionNode = FALSE
	EndGlobalSection
	GlobalSection(ExtensibilityGlobals) = postSolution
		SolutionGuid = {52288941-77D3-474C-9FE3-34782F4A6463}
	EndGlobalSection
EndGlobal
